PODS:
  - Sessionless (0.1.0)

DEPENDENCIES:
  - Sessionless (from `../../client-ios/Sessionless`)

EXTERNAL SOURCES:
  Sessionless:
    :path: "../../client-ios/Sessionless"

SPEC CHECKSUMS:
  Sessionless: 36abe4e5b0fdd114325efe5e0ec6658132e79c3d

PODFILE CHECKSUM: be0a24c869a239666c8743cd61ff83a69b0699bf

COCOAPODS: 1.15.2
