GEM
  remote: https://rubygems.org/
  specs:
    diff-lcs (1.6.2)
    ecdsa (1.2.0)
    json (2.7.6)
    rake (13.3.0)
    rspec (3.13.1)
      rspec-core (~> 3.13.0)
      rspec-expectations (~> 3.13.0)
      rspec-mocks (~> 3.13.0)
    rspec-core (3.13.4)
      rspec-support (~> 3.13.0)
    rspec-expectations (3.13.5)
      diff-lcs (>= 1.2.0, < 2.0)
      rspec-support (~> 3.13.0)
    rspec-mocks (3.13.5)
      diff-lcs (>= 1.2.0, < 2.0)
      rspec-support (~> 3.13.0)
    rspec-support (3.13.4)
    securerandom (0.3.2)

PLATFORMS
  ruby

DEPENDENCIES
  ecdsa (~> 1.2.0)
  json (~> 2.0)
  rake (~> 13.0)
  rspec (~> 3.12)
  rspec-core (~> 3.12)
  securerandom (~> 0.2)

RUBY VERSION
   ruby 2.6.10p210

BUNDLED WITH
   1.17.2
